
Microsoft Visual Studio Solution File, Format Version 12.00
# Visual Studio Version 17
VisualStudioVersion = 17.7.34031.279
MinimumVisualStudioVersion = 10.0.40219.1
Project("{FAE04EC0-301F-11D3-BF4B-00C04F79EFBC}") = "biblioteca", "biblioteca.csproj", "{92A853D0-3624-4A73-A537-B8F93E752668}"
EndProject
Global
	GlobalSection(SolutionConfigurationPlatforms) = preSolution
		Debug|Any CPU = Debug|Any CPU
		Release|Any CPU = Release|Any CPU
	EndGlobalSection
	GlobalSection(ProjectConfigurationPlatforms) = postSolution
		{92A853D0-3624-4A73-A537-B8F93E752668}.Debug|Any CPU.ActiveCfg = Debug|Any CPU
		{92A853D0-3624-4A73-A537-B8F93E752668}.Debug|Any CPU.Build.0 = Debug|Any CPU
		{92A853D0-3624-4A73-A537-B8F93E752668}.Release|Any CPU.ActiveCfg = Release|Any CPU
		{92A853D0-3624-4A73-A537-B8F93E752668}.Release|Any CPU.Build.0 = Release|Any CPU
	EndGlobalSection
	GlobalSection(SolutionProperties) = preSolution
		HideSolutionNode = FALSE
	EndGlobalSection
	GlobalSection(ExtensibilityGlobals) = postSolution
		SolutionGuid = {80B7C0DD-6094-48F6-A24C-FEB5E78C11AB}
	EndGlobalSection
EndGlobal
